
Microsoft Visual Studio Solution File, Format Version 12.00
Project("{FAE04EC0-301F-11D3-BF4B-00C04F79EFBC}") = "HumanCapitalManagement.Web", "HumanCapitalManagement.Web.csproj", "{A2015796-C866-40CD-BAC4-90B862A75035}"
EndProject
Project("{2150E333-8FDC-42A3-9474-1A3956D46DE8}") = "Web", "Web", "{CECAD8BB-FB5F-43FB-AF70-3711A83A317C}"
EndProject
Project("{2150E333-8FDC-42A3-9474-1A3956D46DE8}") = "Data", "Data", "{35979220-2447-41F7-9A24-F6989A06F016}"
EndProject
Project("{FAE04EC0-301F-11D3-BF4B-00C04F79EFBC}") = "HumanCapitalManagement.Data", "..\Data\HumanCapitalManagement.Data\HumanCapitalManagement.Data.csproj", "{AB6DDE60-FCF8-4B49-93C5-563AD7CA7830}"
EndProject
Project("{FAE04EC0-301F-11D3-BF4B-00C04F79EFBC}") = "HumanCapitalManagement.Data.Common", "..\Data\HumanCapitalManagement.Data.Common\HumanCapitalManagement.Data.Common.csproj", "{A5871A2F-9998-4C15-91BB-8A0AEFD9980E}"
EndProject
Project("{FAE04EC0-301F-11D3-BF4B-00C04F79EFBC}") = "HumanCapitalManagement.Data.Models", "..\Data\HumanCapitalManagement.Data.Models\HumanCapitalManagement.Data.Models.csproj", "{D0BA4BF9-61AD-4F44-8499-50EFBE63A765}"
EndProject
Project("{2150E333-8FDC-42A3-9474-1A3956D46DE8}") = "Services", "Services", "{9D3C4F87-109A-4BAF-98EC-E969CA87480D}"
EndProject
Project("{FAE04EC0-301F-11D3-BF4B-00C04F79EFBC}") = "HumanCapitalManagement.Common.Data", "..\Services\HumanCapitalManagement.Common.Data\HumanCapitalManagement.Common.Data.csproj", "{6F9B0E0F-B529-4C85-B821-8C5D38AACCD6}"
EndProject
Project("{FAE04EC0-301F-11D3-BF4B-00C04F79EFBC}") = "HumanCapitalManagement.Business", "..\Services\HumanCapitalManagement.Business\HumanCapitalManagement.Business.csproj", "{D46DE3D0-4413-4FD2-9F5C-2126FA84AB5C}"
EndProject
Project("{2150E333-8FDC-42A3-9474-1A3956D46DE8}") = "Common", "Common", "{29A92349-AD7F-4728-B809-8182E2234F19}"
EndProject
Project("{FAE04EC0-301F-11D3-BF4B-00C04F79EFBC}") = "HumanCapitalManagement.Common", "..\Common\HumanCapitalManagement.Common\HumanCapitalManagement.Common.csproj", "{AEBB79F9-401E-46C7-A907-C407B7AFC981}"
EndProject
Global
	GlobalSection(SolutionConfigurationPlatforms) = preSolution
		Debug|Any CPU = Debug|Any CPU
		Release|Any CPU = Release|Any CPU
	EndGlobalSection
	GlobalSection(ProjectConfigurationPlatforms) = postSolution
		{A2015796-C866-40CD-BAC4-90B862A75035}.Debug|Any CPU.ActiveCfg = Debug|Any CPU
		{A2015796-C866-40CD-BAC4-90B862A75035}.Debug|Any CPU.Build.0 = Debug|Any CPU
		{A2015796-C866-40CD-BAC4-90B862A75035}.Release|Any CPU.ActiveCfg = Release|Any CPU
		{A2015796-C866-40CD-BAC4-90B862A75035}.Release|Any CPU.Build.0 = Release|Any CPU
		{AB6DDE60-FCF8-4B49-93C5-563AD7CA7830}.Debug|Any CPU.ActiveCfg = Debug|Any CPU
		{AB6DDE60-FCF8-4B49-93C5-563AD7CA7830}.Debug|Any CPU.Build.0 = Debug|Any CPU
		{AB6DDE60-FCF8-4B49-93C5-563AD7CA7830}.Release|Any CPU.ActiveCfg = Release|Any CPU
		{AB6DDE60-FCF8-4B49-93C5-563AD7CA7830}.Release|Any CPU.Build.0 = Release|Any CPU
		{A5871A2F-9998-4C15-91BB-8A0AEFD9980E}.Debug|Any CPU.ActiveCfg = Debug|Any CPU
		{A5871A2F-9998-4C15-91BB-8A0AEFD9980E}.Debug|Any CPU.Build.0 = Debug|Any CPU
		{A5871A2F-9998-4C15-91BB-8A0AEFD9980E}.Release|Any CPU.ActiveCfg = Release|Any CPU
		{A5871A2F-9998-4C15-91BB-8A0AEFD9980E}.Release|Any CPU.Build.0 = Release|Any CPU
		{D0BA4BF9-61AD-4F44-8499-50EFBE63A765}.Debug|Any CPU.ActiveCfg = Debug|Any CPU
		{D0BA4BF9-61AD-4F44-8499-50EFBE63A765}.Debug|Any CPU.Build.0 = Debug|Any CPU
		{D0BA4BF9-61AD-4F44-8499-50EFBE63A765}.Release|Any CPU.ActiveCfg = Release|Any CPU
		{D0BA4BF9-61AD-4F44-8499-50EFBE63A765}.Release|Any CPU.Build.0 = Release|Any CPU
		{6F9B0E0F-B529-4C85-B821-8C5D38AACCD6}.Debug|Any CPU.ActiveCfg = Debug|Any CPU
		{6F9B0E0F-B529-4C85-B821-8C5D38AACCD6}.Debug|Any CPU.Build.0 = Debug|Any CPU
		{6F9B0E0F-B529-4C85-B821-8C5D38AACCD6}.Release|Any CPU.ActiveCfg = Release|Any CPU
		{6F9B0E0F-B529-4C85-B821-8C5D38AACCD6}.Release|Any CPU.Build.0 = Release|Any CPU
		{D46DE3D0-4413-4FD2-9F5C-2126FA84AB5C}.Debug|Any CPU.ActiveCfg = Debug|Any CPU
		{D46DE3D0-4413-4FD2-9F5C-2126FA84AB5C}.Debug|Any CPU.Build.0 = Debug|Any CPU
		{D46DE3D0-4413-4FD2-9F5C-2126FA84AB5C}.Release|Any CPU.ActiveCfg = Release|Any CPU
		{D46DE3D0-4413-4FD2-9F5C-2126FA84AB5C}.Release|Any CPU.Build.0 = Release|Any CPU
		{AEBB79F9-401E-46C7-A907-C407B7AFC981}.Debug|Any CPU.ActiveCfg = Debug|Any CPU
		{AEBB79F9-401E-46C7-A907-C407B7AFC981}.Debug|Any CPU.Build.0 = Debug|Any CPU
		{AEBB79F9-401E-46C7-A907-C407B7AFC981}.Release|Any CPU.ActiveCfg = Release|Any CPU
		{AEBB79F9-401E-46C7-A907-C407B7AFC981}.Release|Any CPU.Build.0 = Release|Any CPU
	EndGlobalSection
	GlobalSection(NestedProjects) = preSolution
		{A2015796-C866-40CD-BAC4-90B862A75035} = {CECAD8BB-FB5F-43FB-AF70-3711A83A317C}
		{AB6DDE60-FCF8-4B49-93C5-563AD7CA7830} = {35979220-2447-41F7-9A24-F6989A06F016}
		{A5871A2F-9998-4C15-91BB-8A0AEFD9980E} = {35979220-2447-41F7-9A24-F6989A06F016}
		{D0BA4BF9-61AD-4F44-8499-50EFBE63A765} = {35979220-2447-41F7-9A24-F6989A06F016}
		{6F9B0E0F-B529-4C85-B821-8C5D38AACCD6} = {9D3C4F87-109A-4BAF-98EC-E969CA87480D}
		{D46DE3D0-4413-4FD2-9F5C-2126FA84AB5C} = {9D3C4F87-109A-4BAF-98EC-E969CA87480D}
		{AEBB79F9-401E-46C7-A907-C407B7AFC981} = {29A92349-AD7F-4728-B809-8182E2234F19}
	EndGlobalSection
EndGlobal
